
Microsoft Visual Studio Solution File, Format Version 12.00
# Visual Studio Version 16
VisualStudioVersion = 16.0.30011.22
MinimumVisualStudioVersion = 10.0.40219.1
Project("{FAE04EC0-301F-11D3-BF4B-00C04F79EFBC}") = "ConsoleModels", "ConsoleModels\ConsoleModels.csproj", "{DC770DC8-F847-4782-87D0-EB4D9B2A8342}"
EndProject
Global
	GlobalSection(SolutionConfigurationPlatforms) = preSolution
		Debug|Any CPU = Debug|Any CPU
		Release|Any CPU = Release|Any CPU
	EndGlobalSection
	GlobalSection(ProjectConfigurationPlatforms) = postSolution
		{DC770DC8-F847-4782-87D0-EB4D9B2A8342}.Debug|Any CPU.ActiveCfg = Debug|Any CPU
		{DC770DC8-F847-4782-87D0-EB4D9B2A8342}.Debug|Any CPU.Build.0 = Debug|Any CPU
		{DC770DC8-F847-4782-87D0-EB4D9B2A8342}.Release|Any CPU.ActiveCfg = Release|Any CPU
		{DC770DC8-F847-4782-87D0-EB4D9B2A8342}.Release|Any CPU.Build.0 = Release|Any CPU
	EndGlobalSection
	GlobalSection(SolutionProperties) = preSolution
		HideSolutionNode = FALSE
	EndGlobalSection
	GlobalSection(ExtensibilityGlobals) = postSolution
		SolutionGuid = {ECB6E07B-4EE4-4297-B751-83D491EC5C6C}
	EndGlobalSection
EndGlobal
